
Microsoft Visual Studio Solution File, Format Version 12.00
# Visual Studio Version 17
VisualStudioVersion = 17.0.31903.59
MinimumVisualStudioVersion = 10.0.40219.1
Project("{2150E333-8FDC-42A3-9474-1A3956D46DE8}") = "ui", "ui", "{FA674B5A-3394-926C-2B1E-70E5B00E4A5C}"
EndProject
Project("{FAE04EC0-301F-11D3-BF4B-00C04F79EFBC}") = "HarmonyDebuggerUi", "ui\HarmonyDebuggerUi.csproj", "{9D9B3C2A-3F91-43DD-815B-F4C85232194F}"
EndProject
Project("{2150E333-8FDC-42A3-9474-1A3956D46DE8}") = "lexbox", "lexbox", "{798D9BDD-96A0-7BF2-952E-8E9304F5B3C1}"
EndProject
Project("{2150E333-8FDC-42A3-9474-1A3956D46DE8}") = "backend", "backend", "{9348E7EA-1A6A-6430-F193-1D004774763B}"
EndProject
Project("{2150E333-8FDC-42A3-9474-1A3956D46DE8}") = "harmony", "harmony", "{B3D5F6D4-9683-5B45-8BE6-DEEA7C5D6836}"
EndProject
Project("{2150E333-8FDC-42A3-9474-1A3956D46DE8}") = "src", "src", "{2822DD22-79BF-ABBF-CF20-B9EB64C0904B}"
EndProject
Project("{FAE04EC0-301F-11D3-BF4B-00C04F79EFBC}") = "SIL.Harmony.Core", "lexbox\backend\harmony\src\SIL.Harmony.Core\SIL.Harmony.Core.csproj", "{2E9C8C39-5C89-4D67-9D9B-57B4898FF107}"
EndProject
Project("{FAE04EC0-301F-11D3-BF4B-00C04F79EFBC}") = "SIL.Harmony", "lexbox\backend\harmony\src\SIL.Harmony\SIL.Harmony.csproj", "{C7B47F16-DDF0-4013-B3BE-F5CD7D480D44}"
EndProject
Project("{2150E333-8FDC-42A3-9474-1A3956D46DE8}") = "FwLite", "FwLite", "{EA447828-4D28-833D-D875-05BE3A78B3BE}"
EndProject
Project("{FAE04EC0-301F-11D3-BF4B-00C04F79EFBC}") = "LcmCrdt", "lexbox\backend\FwLite\LcmCrdt\LcmCrdt.csproj", "{46CD1B38-A3D1-4EC7-A063-12419F6BB9C6}"
EndProject
Global
	GlobalSection(SolutionConfigurationPlatforms) = preSolution
		Debug|Any CPU = Debug|Any CPU
		Debug|x64 = Debug|x64
		Debug|x86 = Debug|x86
		Release|Any CPU = Release|Any CPU
		Release|x64 = Release|x64
		Release|x86 = Release|x86
	EndGlobalSection
	GlobalSection(ProjectConfigurationPlatforms) = postSolution
		{9D9B3C2A-3F91-43DD-815B-F4C85232194F}.Debug|Any CPU.ActiveCfg = Debug|Any CPU
		{9D9B3C2A-3F91-43DD-815B-F4C85232194F}.Debug|Any CPU.Build.0 = Debug|Any CPU
		{9D9B3C2A-3F91-43DD-815B-F4C85232194F}.Debug|x64.ActiveCfg = Debug|Any CPU
		{9D9B3C2A-3F91-43DD-815B-F4C85232194F}.Debug|x64.Build.0 = Debug|Any CPU
		{9D9B3C2A-3F91-43DD-815B-F4C85232194F}.Debug|x86.ActiveCfg = Debug|Any CPU
		{9D9B3C2A-3F91-43DD-815B-F4C85232194F}.Debug|x86.Build.0 = Debug|Any CPU
		{9D9B3C2A-3F91-43DD-815B-F4C85232194F}.Release|Any CPU.ActiveCfg = Release|Any CPU
		{9D9B3C2A-3F91-43DD-815B-F4C85232194F}.Release|Any CPU.Build.0 = Release|Any CPU
		{9D9B3C2A-3F91-43DD-815B-F4C85232194F}.Release|x64.ActiveCfg = Release|Any CPU
		{9D9B3C2A-3F91-43DD-815B-F4C85232194F}.Release|x64.Build.0 = Release|Any CPU
		{9D9B3C2A-3F91-43DD-815B-F4C85232194F}.Release|x86.ActiveCfg = Release|Any CPU
		{9D9B3C2A-3F91-43DD-815B-F4C85232194F}.Release|x86.Build.0 = Release|Any CPU
		{2E9C8C39-5C89-4D67-9D9B-57B4898FF107}.Debug|Any CPU.ActiveCfg = Debug|Any CPU
		{2E9C8C39-5C89-4D67-9D9B-57B4898FF107}.Debug|Any CPU.Build.0 = Debug|Any CPU
		{2E9C8C39-5C89-4D67-9D9B-57B4898FF107}.Debug|x64.ActiveCfg = Debug|Any CPU
		{2E9C8C39-5C89-4D67-9D9B-57B4898FF107}.Debug|x64.Build.0 = Debug|Any CPU
		{2E9C8C39-5C89-4D67-9D9B-57B4898FF107}.Debug|x86.ActiveCfg = Debug|Any CPU
		{2E9C8C39-5C89-4D67-9D9B-57B4898FF107}.Debug|x86.Build.0 = Debug|Any CPU
		{2E9C8C39-5C89-4D67-9D9B-57B4898FF107}.Release|Any CPU.ActiveCfg = Release|Any CPU
		{2E9C8C39-5C89-4D67-9D9B-57B4898FF107}.Release|Any CPU.Build.0 = Release|Any CPU
		{2E9C8C39-5C89-4D67-9D9B-57B4898FF107}.Release|x64.ActiveCfg = Release|Any CPU
		{2E9C8C39-5C89-4D67-9D9B-57B4898FF107}.Release|x64.Build.0 = Release|Any CPU
		{2E9C8C39-5C89-4D67-9D9B-57B4898FF107}.Release|x86.ActiveCfg = Release|Any CPU
		{2E9C8C39-5C89-4D67-9D9B-57B4898FF107}.Release|x86.Build.0 = Release|Any CPU
		{C7B47F16-DDF0-4013-B3BE-F5CD7D480D44}.Debug|Any CPU.ActiveCfg = Debug|Any CPU
		{C7B47F16-DDF0-4013-B3BE-F5CD7D480D44}.Debug|Any CPU.Build.0 = Debug|Any CPU
		{C7B47F16-DDF0-4013-B3BE-F5CD7D480D44}.Debug|x64.ActiveCfg = Debug|Any CPU
		{C7B47F16-DDF0-4013-B3BE-F5CD7D480D44}.Debug|x64.Build.0 = Debug|Any CPU
		{C7B47F16-DDF0-4013-B3BE-F5CD7D480D44}.Debug|x86.ActiveCfg = Debug|Any CPU
		{C7B47F16-DDF0-4013-B3BE-F5CD7D480D44}.Debug|x86.Build.0 = Debug|Any CPU
		{C7B47F16-DDF0-4013-B3BE-F5CD7D480D44}.Release|Any CPU.ActiveCfg = Release|Any CPU
		{C7B47F16-DDF0-4013-B3BE-F5CD7D480D44}.Release|Any CPU.Build.0 = Release|Any CPU
		{C7B47F16-DDF0-4013-B3BE-F5CD7D480D44}.Release|x64.ActiveCfg = Release|Any CPU
		{C7B47F16-DDF0-4013-B3BE-F5CD7D480D44}.Release|x64.Build.0 = Release|Any CPU
		{C7B47F16-DDF0-4013-B3BE-F5CD7D480D44}.Release|x86.ActiveCfg = Release|Any CPU
		{C7B47F16-DDF0-4013-B3BE-F5CD7D480D44}.Release|x86.Build.0 = Release|Any CPU
		{46CD1B38-A3D1-4EC7-A063-12419F6BB9C6}.Debug|Any CPU.ActiveCfg = Debug|Any CPU
		{46CD1B38-A3D1-4EC7-A063-12419F6BB9C6}.Debug|Any CPU.Build.0 = Debug|Any CPU
		{46CD1B38-A3D1-4EC7-A063-12419F6BB9C6}.Debug|x64.ActiveCfg = Debug|Any CPU
		{46CD1B38-A3D1-4EC7-A063-12419F6BB9C6}.Debug|x64.Build.0 = Debug|Any CPU
		{46CD1B38-A3D1-4EC7-A063-12419F6BB9C6}.Debug|x86.ActiveCfg = Debug|Any CPU
		{46CD1B38-A3D1-4EC7-A063-12419F6BB9C6}.Debug|x86.Build.0 = Debug|Any CPU
		{46CD1B38-A3D1-4EC7-A063-12419F6BB9C6}.Release|Any CPU.ActiveCfg = Release|Any CPU
		{46CD1B38-A3D1-4EC7-A063-12419F6BB9C6}.Release|Any CPU.Build.0 = Release|Any CPU
		{46CD1B38-A3D1-4EC7-A063-12419F6BB9C6}.Release|x64.ActiveCfg = Release|Any CPU
		{46CD1B38-A3D1-4EC7-A063-12419F6BB9C6}.Release|x64.Build.0 = Release|Any CPU
		{46CD1B38-A3D1-4EC7-A063-12419F6BB9C6}.Release|x86.ActiveCfg = Release|Any CPU
		{46CD1B38-A3D1-4EC7-A063-12419F6BB9C6}.Release|x86.Build.0 = Release|Any CPU
	EndGlobalSection
	GlobalSection(SolutionProperties) = preSolution
		HideSolutionNode = FALSE
	EndGlobalSection
	GlobalSection(NestedProjects) = preSolution
		{9D9B3C2A-3F91-43DD-815B-F4C85232194F} = {FA674B5A-3394-926C-2B1E-70E5B00E4A5C}
		{9348E7EA-1A6A-6430-F193-1D004774763B} = {798D9BDD-96A0-7BF2-952E-8E9304F5B3C1}
		{B3D5F6D4-9683-5B45-8BE6-DEEA7C5D6836} = {9348E7EA-1A6A-6430-F193-1D004774763B}
		{2822DD22-79BF-ABBF-CF20-B9EB64C0904B} = {B3D5F6D4-9683-5B45-8BE6-DEEA7C5D6836}
		{2E9C8C39-5C89-4D67-9D9B-57B4898FF107} = {2822DD22-79BF-ABBF-CF20-B9EB64C0904B}
		{C7B47F16-DDF0-4013-B3BE-F5CD7D480D44} = {2822DD22-79BF-ABBF-CF20-B9EB64C0904B}
		{EA447828-4D28-833D-D875-05BE3A78B3BE} = {9348E7EA-1A6A-6430-F193-1D004774763B}
		{46CD1B38-A3D1-4EC7-A063-12419F6BB9C6} = {EA447828-4D28-833D-D875-05BE3A78B3BE}
	EndGlobalSection
EndGlobal
